// !$*UTF8*$!
{
	archiveVersion = 1;
	classes = {
	};
	objectVersion = 77;
	objects = {

/* Begin PBXBuildFile section */
		550DB4EF2E07FD22008DA93E /* EssentialFeed2iOS.framework in Frameworks */ = {isa = PBXBuildFile; fileRef = 550DB4E62E07FD22008DA93E /* EssentialFeed2iOS.framework */; };
		5510A02B2DC0C347005553F1 /* EssentialFeed2.framework in Frameworks */ = {isa = PBXBuildFile; fileRef = 559DC9E92DB2661B002CB144 /* EssentialFeed2.framework */; };
		553766C12DF3238F0034262D /* EssentialFeed2.framework in Frameworks */ = {isa = PBXBuildFile; fileRef = 559DC9E92DB2661B002CB144 /* EssentialFeed2.framework */; };
		558A75072E0D4CB70023F275 /* EssentialFeed2.framework in Frameworks */ = {isa = PBXBuildFile; fileRef = 559DC9E92DB2661B002CB144 /* EssentialFeed2.framework */; platformFilter = ios; };
		559DC9F22DB2661B002CB144 /* EssentialFeed2.framework in Frameworks */ = {isa = PBXBuildFile; fileRef = 559DC9E92DB2661B002CB144 /* EssentialFeed2.framework */; };
/* End PBXBuildFile section */

/* Begin PBXContainerItemProxy section */
		550DB4F02E07FD22008DA93E /* PBXContainerItemProxy */ = {
			isa = PBXContainerItemProxy;
			containerPortal = 559DC9E02DB2661B002CB144 /* Project object */;
			proxyType = 1;
			remoteGlobalIDString = 550DB4E52E07FD22008DA93E;
			remoteInfo = EssentialFeed2iOS;
		};
		5510A02C2DC0C347005553F1 /* PBXContainerItemProxy */ = {
			isa = PBXContainerItemProxy;
			containerPortal = 559DC9E02DB2661B002CB144 /* Project object */;
			proxyType = 1;
			remoteGlobalIDString = 559DC9E82DB2661B002CB144;
			remoteInfo = EssentialFeed2;
		};
		553766C22DF3238F0034262D /* PBXContainerItemProxy */ = {
			isa = PBXContainerItemProxy;
			containerPortal = 559DC9E02DB2661B002CB144 /* Project object */;
			proxyType = 1;
			remoteGlobalIDString = 559DC9E82DB2661B002CB144;
			remoteInfo = EssentialFeed2;
		};
		558A75092E0D4CB70023F275 /* PBXContainerItemProxy */ = {
			isa = PBXContainerItemProxy;
			containerPortal = 559DC9E02DB2661B002CB144 /* Project object */;
			proxyType = 1;
			remoteGlobalIDString = 559DC9E82DB2661B002CB144;
			remoteInfo = EssentialFeed2;
		};
		559DC9F32DB2661B002CB144 /* PBXContainerItemProxy */ = {
			isa = PBXContainerItemProxy;
			containerPortal = 559DC9E02DB2661B002CB144 /* Project object */;
			proxyType = 1;
			remoteGlobalIDString = 559DC9E82DB2661B002CB144;
			remoteInfo = EssentialFeed2;
		};
/* End PBXContainerItemProxy section */

/* Begin PBXFileReference section */
		550DB4E02E07FC89008DA93E /* EssentialFeed2APIEndToEndTests.xctestplan */ = {isa = PBXFileReference; lastKnownFileType = text; path = EssentialFeed2APIEndToEndTests.xctestplan; sourceTree = "<group>"; };
		550DB4E62E07FD22008DA93E /* EssentialFeed2iOS.framework */ = {isa = PBXFileReference; explicitFileType = wrapper.framework; includeInIndex = 0; path = EssentialFeed2iOS.framework; sourceTree = BUILT_PRODUCTS_DIR; };
		550DB4EE2E07FD22008DA93E /* EssentialFeed2iOSTests.xctest */ = {isa = PBXFileReference; explicitFileType = wrapper.cfbundle; includeInIndex = 0; path = EssentialFeed2iOSTests.xctest; sourceTree = BUILT_PRODUCTS_DIR; };
		550DB4FB2E07FE1A008DA93E /* EssentialFeed2iOS.xctestplan */ = {isa = PBXFileReference; lastKnownFileType = text; path = EssentialFeed2iOS.xctestplan; sourceTree = "<group>"; };
		5510A0272DC0C347005553F1 /* EssentialFeed2APIEndToEndTests.xctest */ = {isa = PBXFileReference; explicitFileType = wrapper.cfbundle; includeInIndex = 0; path = EssentialFeed2APIEndToEndTests.xctest; sourceTree = BUILT_PRODUCTS_DIR; };
		5510A0332DC0C8B8005553F1 /* CI_macOS.xctestplan */ = {isa = PBXFileReference; lastKnownFileType = text; path = CI_macOS.xctestplan; sourceTree = "<group>"; };
		553766BD2DF3238F0034262D /* EssentialFeed2CacheIntegrationTests.xctest */ = {isa = PBXFileReference; explicitFileType = wrapper.cfbundle; includeInIndex = 0; path = EssentialFeed2CacheIntegrationTests.xctest; sourceTree = BUILT_PRODUCTS_DIR; };
		553766C72DF323B90034262D /* EssentialFeed2CacheIntegrationTests.xctestplan */ = {isa = PBXFileReference; lastKnownFileType = text; path = EssentialFeed2CacheIntegrationTests.xctestplan; sourceTree = "<group>"; };
		554FC22B2DB39FE9000E619B /* EssentialFeed2.xctestplan */ = {isa = PBXFileReference; lastKnownFileType = text; path = EssentialFeed2.xctestplan; sourceTree = "<group>"; };
		559DC9E92DB2661B002CB144 /* EssentialFeed2.framework */ = {isa = PBXFileReference; explicitFileType = wrapper.framework; includeInIndex = 0; path = EssentialFeed2.framework; sourceTree = BUILT_PRODUCTS_DIR; };
		559DC9F12DB2661B002CB144 /* EssentialFeed2Tests.xctest */ = {isa = PBXFileReference; explicitFileType = wrapper.cfbundle; includeInIndex = 0; path = EssentialFeed2Tests.xctest; sourceTree = BUILT_PRODUCTS_DIR; };
		55B5E22F2E08031D00322834 /* CI_iOS.xctestplan */ = {isa = PBXFileReference; lastKnownFileType = text; path = CI_iOS.xctestplan; sourceTree = "<group>"; };
/* End PBXFileReference section */

/* Begin PBXFileSystemSynchronizedBuildFileExceptionSet section */
		5510A0322DC0C863005553F1 /* Exceptions for "EssentialFeed2Tests" folder in "EssentialFeed2APIEndToEndTests" target */ = {
			isa = PBXFileSystemSynchronizedBuildFileExceptionSet;
			membershipExceptions = (
				Helpers/SharedTestHelpers.swift,
				"Helpers/XCTestCase+MemoryLeakTracking.swift",
			);
			target = 5510A0262DC0C347005553F1 /* EssentialFeed2APIEndToEndTests */;
		};
		55241B582E0C000E003B0759 /* Exceptions for "EssentialFeed2Tests" folder in "EssentialFeed2iOSTests" target */ = {
			isa = PBXFileSystemSynchronizedBuildFileExceptionSet;
			membershipExceptions = (
				"Helpers/XCTestCase+MemoryLeakTracking.swift",
			);
			target = 550DB4ED2E07FD22008DA93E /* EssentialFeed2iOSTests */;
		};
		553766C92DF326020034262D /* Exceptions for "EssentialFeed2Tests" folder in "EssentialFeed2CacheIntegrationTests" target */ = {
			isa = PBXFileSystemSynchronizedBuildFileExceptionSet;
			membershipExceptions = (
				"Feed Cache/Helpers/FeedCacheTestHelpers.swift",
				Helpers/SharedTestHelpers.swift,
				"Helpers/XCTestCase+MemoryLeakTracking.swift",
			);
			target = 553766BC2DF3238F0034262D /* EssentialFeed2CacheIntegrationTests */;
		};
/* End PBXFileSystemSynchronizedBuildFileExceptionSet section */

/* Begin PBXFileSystemSynchronizedRootGroup section */
		550DB4E72E07FD22008DA93E /* EssentialFeed2iOS */ = {
			isa = PBXFileSystemSynchronizedRootGroup;
			path = EssentialFeed2iOS;
			sourceTree = "<group>";
		};
		550DB4F22E07FD22008DA93E /* EssentialFeed2iOSTests */ = {
			isa = PBXFileSystemSynchronizedRootGroup;
			path = EssentialFeed2iOSTests;
			sourceTree = "<group>";
		};
		5510A0282DC0C347005553F1 /* EssentialFeed2APIEndToEndTests */ = {
			isa = PBXFileSystemSynchronizedRootGroup;
			path = EssentialFeed2APIEndToEndTests;
			sourceTree = "<group>";
		};
		553766BE2DF3238F0034262D /* EssentialFeed2CacheIntegrationTests */ = {
			isa = PBXFileSystemSynchronizedRootGroup;
			path = EssentialFeed2CacheIntegrationTests;
			sourceTree = "<group>";
		};
		559DC9EB2DB2661B002CB144 /* EssentialFeed2 */ = {
			isa = PBXFileSystemSynchronizedRootGroup;
			path = EssentialFeed2;
			sourceTree = "<group>";
		};
		559DC9F52DB2661B002CB144 /* EssentialFeed2Tests */ = {
			isa = PBXFileSystemSynchronizedRootGroup;
			exceptions = (
				5510A0322DC0C863005553F1 /* Exceptions for "EssentialFeed2Tests" folder in "EssentialFeed2APIEndToEndTests" target */,
				553766C92DF326020034262D /* Exceptions for "EssentialFeed2Tests" folder in "EssentialFeed2CacheIntegrationTests" target */,
				55241B582E0C000E003B0759 /* Exceptions for "EssentialFeed2Tests" folder in "EssentialFeed2iOSTests" target */,
			);
			path = EssentialFeed2Tests;
			sourceTree = "<group>";
		};
/* End PBXFileSystemSynchronizedRootGroup section */

/* Begin PBXFrameworksBuildPhase section */
		550DB4E32E07FD22008DA93E /* Frameworks */ = {
			isa = PBXFrameworksBuildPhase;
			buildActionMask = 2147483647;
			files = (
				558A75072E0D4CB70023F275 /* EssentialFeed2.framework in Frameworks */,
			);
			runOnlyForDeploymentPostprocessing = 0;
		};
		550DB4EB2E07FD22008DA93E /* Frameworks */ = {
			isa = PBXFrameworksBuildPhase;
			buildActionMask = 2147483647;
			files = (
				550DB4EF2E07FD22008DA93E /* EssentialFeed2iOS.framework in Frameworks */,
			);
			runOnlyForDeploymentPostprocessing = 0;
		};
		5510A0242DC0C347005553F1 /* Frameworks */ = {
			isa = PBXFrameworksBuildPhase;
			buildActionMask = 2147483647;
			files = (
				5510A02B2DC0C347005553F1 /* EssentialFeed2.framework in Frameworks */,
			);
			runOnlyForDeploymentPostprocessing = 0;
		};
		553766BA2DF3238F0034262D /* Frameworks */ = {
			isa = PBXFrameworksBuildPhase;
			buildActionMask = 2147483647;
			files = (
				553766C12DF3238F0034262D /* EssentialFeed2.framework in Frameworks */,
			);
			runOnlyForDeploymentPostprocessing = 0;
		};
		559DC9E62DB2661B002CB144 /* Frameworks */ = {
			isa = PBXFrameworksBuildPhase;
			buildActionMask = 2147483647;
			files = (
			);
			runOnlyForDeploymentPostprocessing = 0;
		};
		559DC9EE2DB2661B002CB144 /* Frameworks */ = {
			isa = PBXFrameworksBuildPhase;
			buildActionMask = 2147483647;
			files = (
				559DC9F22DB2661B002CB144 /* EssentialFeed2.framework in Frameworks */,
			);
			runOnlyForDeploymentPostprocessing = 0;
		};
/* End PBXFrameworksBuildPhase section */

/* Begin PBXGroup section */
		558A75062E0D4CB70023F275 /* Frameworks */ = {
			isa = PBXGroup;
			children = (
			);
			name = Frameworks;
			sourceTree = "<group>";
		};
		559DC9DF2DB2661B002CB144 = {
			isa = PBXGroup;
			children = (
				55B5E22F2E08031D00322834 /* CI_iOS.xctestplan */,
				5510A0332DC0C8B8005553F1 /* CI_macOS.xctestplan */,
				554FC22B2DB39FE9000E619B /* EssentialFeed2.xctestplan */,
				550DB4E02E07FC89008DA93E /* EssentialFeed2APIEndToEndTests.xctestplan */,
				553766C72DF323B90034262D /* EssentialFeed2CacheIntegrationTests.xctestplan */,
				550DB4FB2E07FE1A008DA93E /* EssentialFeed2iOS.xctestplan */,
				559DC9EB2DB2661B002CB144 /* EssentialFeed2 */,
				559DC9F52DB2661B002CB144 /* EssentialFeed2Tests */,
				5510A0282DC0C347005553F1 /* EssentialFeed2APIEndToEndTests */,
				553766BE2DF3238F0034262D /* EssentialFeed2CacheIntegrationTests */,
				550DB4E72E07FD22008DA93E /* EssentialFeed2iOS */,
				550DB4F22E07FD22008DA93E /* EssentialFeed2iOSTests */,
				558A75062E0D4CB70023F275 /* Frameworks */,
				559DC9EA2DB2661B002CB144 /* Products */,
			);
			sourceTree = "<group>";
		};
		559DC9EA2DB2661B002CB144 /* Products */ = {
			isa = PBXGroup;
			children = (
				559DC9E92DB2661B002CB144 /* EssentialFeed2.framework */,
				559DC9F12DB2661B002CB144 /* EssentialFeed2Tests.xctest */,
				5510A0272DC0C347005553F1 /* EssentialFeed2APIEndToEndTests.xctest */,
				553766BD2DF3238F0034262D /* EssentialFeed2CacheIntegrationTests.xctest */,
				550DB4E62E07FD22008DA93E /* EssentialFeed2iOS.framework */,
				550DB4EE2E07FD22008DA93E /* EssentialFeed2iOSTests.xctest */,
			);
			name = Products;
			sourceTree = "<group>";
		};
/* End PBXGroup section */

/* Begin PBXHeadersBuildPhase section */
		550DB4E12E07FD22008DA93E /* Headers */ = {
			isa = PBXHeadersBuildPhase;
			buildActionMask = 2147483647;
			files = (
			);
			runOnlyForDeploymentPostprocessing = 0;
		};
		559DC9E42DB2661B002CB144 /* Headers */ = {
			isa = PBXHeadersBuildPhase;
			buildActionMask = 2147483647;
			files = (
			);
			runOnlyForDeploymentPostprocessing = 0;
		};
/* End PBXHeadersBuildPhase section */

/* Begin PBXNativeTarget section */
		550DB4E52E07FD22008DA93E /* EssentialFeed2iOS */ = {
			isa = PBXNativeTarget;
			buildConfigurationList = 550DB4F52E07FD22008DA93E /* Build configuration list for PBXNativeTarget "EssentialFeed2iOS" */;
			buildPhases = (
				550DB4E12E07FD22008DA93E /* Headers */,
				550DB4E22E07FD22008DA93E /* Sources */,
				550DB4E32E07FD22008DA93E /* Frameworks */,
				550DB4E42E07FD22008DA93E /* Resources */,
			);
			buildRules = (
			);
			dependencies = (
				558A750A2E0D4CB70023F275 /* PBXTargetDependency */,
			);
			fileSystemSynchronizedGroups = (
				550DB4E72E07FD22008DA93E /* EssentialFeed2iOS */,
			);
			name = EssentialFeed2iOS;
			packageProductDependencies = (
			);
			productName = EssentialFeed2iOS;
			productReference = 550DB4E62E07FD22008DA93E /* EssentialFeed2iOS.framework */;
			productType = "com.apple.product-type.framework";
		};
		550DB4ED2E07FD22008DA93E /* EssentialFeed2iOSTests */ = {
			isa = PBXNativeTarget;
			buildConfigurationList = 550DB4F82E07FD22008DA93E /* Build configuration list for PBXNativeTarget "EssentialFeed2iOSTests" */;
			buildPhases = (
				550DB4EA2E07FD22008DA93E /* Sources */,
				550DB4EB2E07FD22008DA93E /* Frameworks */,
				550DB4EC2E07FD22008DA93E /* Resources */,
			);
			buildRules = (
			);
			dependencies = (
				550DB4F12E07FD22008DA93E /* PBXTargetDependency */,
			);
			fileSystemSynchronizedGroups = (
				550DB4F22E07FD22008DA93E /* EssentialFeed2iOSTests */,
			);
			name = EssentialFeed2iOSTests;
			packageProductDependencies = (
			);
			productName = EssentialFeed2iOSTests;
			productReference = 550DB4EE2E07FD22008DA93E /* EssentialFeed2iOSTests.xctest */;
			productType = "com.apple.product-type.bundle.unit-test";
		};
		5510A0262DC0C347005553F1 /* EssentialFeed2APIEndToEndTests */ = {
			isa = PBXNativeTarget;
			buildConfigurationList = 5510A0302DC0C347005553F1 /* Build configuration list for PBXNativeTarget "EssentialFeed2APIEndToEndTests" */;
			buildPhases = (
				5510A0232DC0C347005553F1 /* Sources */,
				5510A0242DC0C347005553F1 /* Frameworks */,
				5510A0252DC0C347005553F1 /* Resources */,
			);
			buildRules = (
			);
			dependencies = (
				5510A02D2DC0C347005553F1 /* PBXTargetDependency */,
			);
			fileSystemSynchronizedGroups = (
				5510A0282DC0C347005553F1 /* EssentialFeed2APIEndToEndTests */,
			);
			name = EssentialFeed2APIEndToEndTests;
			packageProductDependencies = (
			);
			productName = EssentialFeed2APIEndToEndTests;
			productReference = 5510A0272DC0C347005553F1 /* EssentialFeed2APIEndToEndTests.xctest */;
			productType = "com.apple.product-type.bundle.unit-test";
		};
		553766BC2DF3238F0034262D /* EssentialFeed2CacheIntegrationTests */ = {
			isa = PBXNativeTarget;
			buildConfigurationList = 553766C62DF3238F0034262D /* Build configuration list for PBXNativeTarget "EssentialFeed2CacheIntegrationTests" */;
			buildPhases = (
				553766B92DF3238F0034262D /* Sources */,
				553766BA2DF3238F0034262D /* Frameworks */,
				553766BB2DF3238F0034262D /* Resources */,
			);
			buildRules = (
			);
			dependencies = (
				553766C32DF3238F0034262D /* PBXTargetDependency */,
			);
			fileSystemSynchronizedGroups = (
				553766BE2DF3238F0034262D /* EssentialFeed2CacheIntegrationTests */,
			);
			name = EssentialFeed2CacheIntegrationTests;
			packageProductDependencies = (
			);
			productName = EssentialFeed2CacheIntegrationTests;
			productReference = 553766BD2DF3238F0034262D /* EssentialFeed2CacheIntegrationTests.xctest */;
			productType = "com.apple.product-type.bundle.unit-test";
		};
		559DC9E82DB2661B002CB144 /* EssentialFeed2 */ = {
			isa = PBXNativeTarget;
			buildConfigurationList = 559DC9FA2DB2661B002CB144 /* Build configuration list for PBXNativeTarget "EssentialFeed2" */;
			buildPhases = (
				559DC9E42DB2661B002CB144 /* Headers */,
				559DC9E52DB2661B002CB144 /* Sources */,
				559DC9E62DB2661B002CB144 /* Frameworks */,
				559DC9E72DB2661B002CB144 /* Resources */,
			);
			buildRules = (
			);
			dependencies = (
			);
			fileSystemSynchronizedGroups = (
				559DC9EB2DB2661B002CB144 /* EssentialFeed2 */,
			);
			name = EssentialFeed2;
			packageProductDependencies = (
			);
			productName = EssentialFeed2;
			productReference = 559DC9E92DB2661B002CB144 /* EssentialFeed2.framework */;
			productType = "com.apple.product-type.framework";
		};
		559DC9F02DB2661B002CB144 /* EssentialFeed2Tests */ = {
			isa = PBXNativeTarget;
			buildConfigurationList = 559DC9FF2DB2661B002CB144 /* Build configuration list for PBXNativeTarget "EssentialFeed2Tests" */;
			buildPhases = (
				559DC9ED2DB2661B002CB144 /* Sources */,
				559DC9EE2DB2661B002CB144 /* Frameworks */,
				559DC9EF2DB2661B002CB144 /* Resources */,
			);
			buildRules = (
			);
			dependencies = (
				559DC9F42DB2661B002CB144 /* PBXTargetDependency */,
			);
			fileSystemSynchronizedGroups = (
				559DC9F52DB2661B002CB144 /* EssentialFeed2Tests */,
			);
			name = EssentialFeed2Tests;
			packageProductDependencies = (
			);
			productName = EssentialFeed2Tests;
			productReference = 559DC9F12DB2661B002CB144 /* EssentialFeed2Tests.xctest */;
			productType = "com.apple.product-type.bundle.unit-test";
		};
/* End PBXNativeTarget section */

/* Begin PBXProject section */
		559DC9E02DB2661B002CB144 /* Project object */ = {
			isa = PBXProject;
			attributes = {
				BuildIndependentTargetsInParallel = 1;
				LastSwiftUpdateCheck = 1630;
				LastUpgradeCheck = 1630;
				TargetAttributes = {
					550DB4E52E07FD22008DA93E = {
						CreatedOnToolsVersion = 16.3;
						LastSwiftMigration = 1630;
					};
					550DB4ED2E07FD22008DA93E = {
						CreatedOnToolsVersion = 16.3;
						LastSwiftMigration = 1630;
					};
					5510A0262DC0C347005553F1 = {
						CreatedOnToolsVersion = 16.3;
					};
					553766BC2DF3238F0034262D = {
						CreatedOnToolsVersion = 16.3;
					};
					559DC9E82DB2661B002CB144 = {
						CreatedOnToolsVersion = 16.2;
						LastSwiftMigration = 1620;
					};
					559DC9F02DB2661B002CB144 = {
						CreatedOnToolsVersion = 16.2;
					};
				};
			};
			buildConfigurationList = 559DC9E32DB2661B002CB144 /* Build configuration list for PBXProject "EssentialFeed2" */;
			developmentRegion = en;
			hasScannedForEncodings = 0;
			knownRegions = (
				en,
				Base,
			);
			mainGroup = 559DC9DF2DB2661B002CB144;
			minimizedProjectReferenceProxies = 1;
			preferredProjectObjectVersion = 77;
			productRefGroup = 559DC9EA2DB2661B002CB144 /* Products */;
			projectDirPath = "";
			projectRoot = "";
			targets = (
				559DC9E82DB2661B002CB144 /* EssentialFeed2 */,
				559DC9F02DB2661B002CB144 /* EssentialFeed2Tests */,
				5510A0262DC0C347005553F1 /* EssentialFeed2APIEndToEndTests */,
				553766BC2DF3238F0034262D /* EssentialFeed2CacheIntegrationTests */,
				550DB4E52E07FD22008DA93E /* EssentialFeed2iOS */,
				550DB4ED2E07FD22008DA93E /* EssentialFeed2iOSTests */,
			);
		};
/* End PBXProject section */

/* Begin PBXResourcesBuildPhase section */
		550DB4E42E07FD22008DA93E /* Resources */ = {
			isa = PBXResourcesBuildPhase;
			buildActionMask = 2147483647;
			files = (
			);
			runOnlyForDeploymentPostprocessing = 0;
		};
		550DB4EC2E07FD22008DA93E /* Resources */ = {
			isa = PBXResourcesBuildPhase;
			buildActionMask = 2147483647;
			files = (
			);
			runOnlyForDeploymentPostprocessing = 0;
		};
		5510A0252DC0C347005553F1 /* Resources */ = {
			isa = PBXResourcesBuildPhase;
			buildActionMask = 2147483647;
			files = (
			);
			runOnlyForDeploymentPostprocessing = 0;
		};
		553766BB2DF3238F0034262D /* Resources */ = {
			isa = PBXResourcesBuildPhase;
			buildActionMask = 2147483647;
			files = (
			);
			runOnlyForDeploymentPostprocessing = 0;
		};
		559DC9E72DB2661B002CB144 /* Resources */ = {
			isa = PBXResourcesBuildPhase;
			buildActionMask = 2147483647;
			files = (
			);
			runOnlyForDeploymentPostprocessing = 0;
		};
		559DC9EF2DB2661B002CB144 /* Resources */ = {
			isa = PBXResourcesBuildPhase;
			buildActionMask = 2147483647;
			files = (
			);
			runOnlyForDeploymentPostprocessing = 0;
		};
/* End PBXResourcesBuildPhase section */

/* Begin PBXSourcesBuildPhase section */
		550DB4E22E07FD22008DA93E /* Sources */ = {
			isa = PBXSourcesBuildPhase;
			buildActionMask = 2147483647;
			files = (
			);
			runOnlyForDeploymentPostprocessing = 0;
		};
		550DB4EA2E07FD22008DA93E /* Sources */ = {
			isa = PBXSourcesBuildPhase;
			buildActionMask = 2147483647;
			files = (
			);
			runOnlyForDeploymentPostprocessing = 0;
		};
		5510A0232DC0C347005553F1 /* Sources */ = {
			isa = PBXSourcesBuildPhase;
			buildActionMask = 2147483647;
			files = (
			);
			runOnlyForDeploymentPostprocessing = 0;
		};
		553766B92DF3238F0034262D /* Sources */ = {
			isa = PBXSourcesBuildPhase;
			buildActionMask = 2147483647;
			files = (
			);
			runOnlyForDeploymentPostprocessing = 0;
		};
		559DC9E52DB2661B002CB144 /* Sources */ = {
			isa = PBXSourcesBuildPhase;
			buildActionMask = 2147483647;
			files = (
			);
			runOnlyForDeploymentPostprocessing = 0;
		};
		559DC9ED2DB2661B002CB144 /* Sources */ = {
			isa = PBXSourcesBuildPhase;
			buildActionMask = 2147483647;
			files = (
			);
			runOnlyForDeploymentPostprocessing = 0;
		};
/* End PBXSourcesBuildPhase section */

/* Begin PBXTargetDependency section */
		550DB4F12E07FD22008DA93E /* PBXTargetDependency */ = {
			isa = PBXTargetDependency;
			target = 550DB4E52E07FD22008DA93E /* EssentialFeed2iOS */;
			targetProxy = 550DB4F02E07FD22008DA93E /* PBXContainerItemProxy */;
		};
		5510A02D2DC0C347005553F1 /* PBXTargetDependency */ = {
			isa = PBXTargetDependency;
			target = 559DC9E82DB2661B002CB144 /* EssentialFeed2 */;
			targetProxy = 5510A02C2DC0C347005553F1 /* PBXContainerItemProxy */;
		};
		553766C32DF3238F0034262D /* PBXTargetDependency */ = {
			isa = PBXTargetDependency;
			target = 559DC9E82DB2661B002CB144 /* EssentialFeed2 */;
			targetProxy = 553766C22DF3238F0034262D /* PBXContainerItemProxy */;
		};
		558A750A2E0D4CB70023F275 /* PBXTargetDependency */ = {
			isa = PBXTargetDependency;
			platformFilter = ios;
			target = 559DC9E82DB2661B002CB144 /* EssentialFeed2 */;
			targetProxy = 558A75092E0D4CB70023F275 /* PBXContainerItemProxy */;
		};
		559DC9F42DB2661B002CB144 /* PBXTargetDependency */ = {
			isa = PBXTargetDependency;
			target = 559DC9E82DB2661B002CB144 /* EssentialFeed2 */;
			targetProxy = 559DC9F32DB2661B002CB144 /* PBXContainerItemProxy */;
		};
/* End PBXTargetDependency section */

/* Begin XCBuildConfiguration section */
		550DB4F62E07FD22008DA93E /* Debug */ = {
			isa = XCBuildConfiguration;
			buildSettings = {
				BUILD_LIBRARY_FOR_DISTRIBUTION = YES;
				CLANG_ENABLE_MODULES = YES;
				CODE_SIGN_STYLE = Automatic;
				CURRENT_PROJECT_VERSION = 1;
				DEFINES_MODULE = YES;
				DEVELOPMENT_TEAM = NYHBR423E7;
				DYLIB_COMPATIBILITY_VERSION = 1;
				DYLIB_CURRENT_VERSION = 1;
				DYLIB_INSTALL_NAME_BASE = "@rpath";
				ENABLE_MODULE_VERIFIER = YES;
				GENERATE_INFOPLIST_FILE = YES;
				INFOPLIST_KEY_NSHumanReadableCopyright = "";
				INSTALL_PATH = "$(LOCAL_LIBRARY_DIR)/Frameworks";
				IPHONEOS_DEPLOYMENT_TARGET = 18.4;
				LD_RUNPATH_SEARCH_PATHS = (
					"$(inherited)",
					"@executable_path/Frameworks",
					"@loader_path/Frameworks",
				);
				MARKETING_VERSION = 1.0;
				MODULE_VERIFIER_SUPPORTED_LANGUAGES = "objective-c objective-c++";
				MODULE_VERIFIER_SUPPORTED_LANGUAGE_STANDARDS = "gnu17 gnu++20";
				PRODUCT_BUNDLE_IDENTIFIER = com.negovskiy.EssentialFeed2.EssentialFeed2iOS;
				PRODUCT_NAME = "$(TARGET_NAME:c99extidentifier)";
				SDKROOT = iphoneos;
				SKIP_INSTALL = YES;
				SUPPORTED_PLATFORMS = "iphonesimulator iphoneos";
				SWIFT_EMIT_LOC_STRINGS = YES;
				SWIFT_INSTALL_MODULE = YES;
				SWIFT_INSTALL_OBJC_HEADER = NO;
				SWIFT_OPTIMIZATION_LEVEL = "-Onone";
				SWIFT_VERSION = 5.0;
				TARGETED_DEVICE_FAMILY = "1,2";
			};
			name = Debug;
		};
		550DB4F72E07FD22008DA93E /* Release */ = {
			isa = XCBuildConfiguration;
			buildSettings = {
				BUILD_LIBRARY_FOR_DISTRIBUTION = YES;
				CLANG_ENABLE_MODULES = YES;
				CODE_SIGN_STYLE = Automatic;
				CURRENT_PROJECT_VERSION = 1;
				DEFINES_MODULE = YES;
				DEVELOPMENT_TEAM = NYHBR423E7;
				DYLIB_COMPATIBILITY_VERSION = 1;
				DYLIB_CURRENT_VERSION = 1;
				DYLIB_INSTALL_NAME_BASE = "@rpath";
				ENABLE_MODULE_VERIFIER = YES;
				GENERATE_INFOPLIST_FILE = YES;
				INFOPLIST_KEY_NSHumanReadableCopyright = "";
				INSTALL_PATH = "$(LOCAL_LIBRARY_DIR)/Frameworks";
				IPHONEOS_DEPLOYMENT_TARGET = 18.4;
				LD_RUNPATH_SEARCH_PATHS = (
					"$(inherited)",
					"@executable_path/Frameworks",
					"@loader_path/Frameworks",
				);
				MARKETING_VERSION = 1.0;
				MODULE_VERIFIER_SUPPORTED_LANGUAGES = "objective-c objective-c++";
				MODULE_VERIFIER_SUPPORTED_LANGUAGE_STANDARDS = "gnu17 gnu++20";
				PRODUCT_BUNDLE_IDENTIFIER = com.negovskiy.EssentialFeed2.EssentialFeed2iOS;
				PRODUCT_NAME = "$(TARGET_NAME:c99extidentifier)";
				SDKROOT = iphoneos;
				SKIP_INSTALL = YES;
				SUPPORTED_PLATFORMS = "iphonesimulator iphoneos";
				SWIFT_EMIT_LOC_STRINGS = YES;
				SWIFT_INSTALL_MODULE = YES;
				SWIFT_INSTALL_OBJC_HEADER = NO;
				SWIFT_VERSION = 5.0;
				TARGETED_DEVICE_FAMILY = "1,2";
				VALIDATE_PRODUCT = YES;
			};
			name = Release;
		};
		550DB4F92E07FD22008DA93E /* Debug */ = {
			isa = XCBuildConfiguration;
			buildSettings = {
				CLANG_ENABLE_MODULES = YES;
				CODE_SIGN_STYLE = Automatic;
				CURRENT_PROJECT_VERSION = 1;
				DEVELOPMENT_TEAM = NYHBR423E7;
				GENERATE_INFOPLIST_FILE = YES;
				IPHONEOS_DEPLOYMENT_TARGET = 18.4;
				MARKETING_VERSION = 1.0;
				PRODUCT_BUNDLE_IDENTIFIER = com.negovskiy.EssentialFeed2.EssentialFeed2iOSTests;
				PRODUCT_NAME = "$(TARGET_NAME)";
				SDKROOT = iphoneos;
				SUPPORTED_PLATFORMS = "iphonesimulator iphoneos";
				SWIFT_EMIT_LOC_STRINGS = NO;
				SWIFT_OPTIMIZATION_LEVEL = "-Onone";
				SWIFT_VERSION = 5.0;
				TARGETED_DEVICE_FAMILY = "1,2";
			};
			name = Debug;
		};
		550DB4FA2E07FD22008DA93E /* Release */ = {
			isa = XCBuildConfiguration;
			buildSettings = {
				CLANG_ENABLE_MODULES = YES;
				CODE_SIGN_STYLE = Automatic;
				CURRENT_PROJECT_VERSION = 1;
				DEVELOPMENT_TEAM = NYHBR423E7;
				GENERATE_INFOPLIST_FILE = YES;
				IPHONEOS_DEPLOYMENT_TARGET = 18.4;
				MARKETING_VERSION = 1.0;
				PRODUCT_BUNDLE_IDENTIFIER = com.negovskiy.EssentialFeed2.EssentialFeed2iOSTests;
				PRODUCT_NAME = "$(TARGET_NAME)";
				SDKROOT = iphoneos;
				SUPPORTED_PLATFORMS = "iphonesimulator iphoneos";
				SWIFT_EMIT_LOC_STRINGS = NO;
				SWIFT_VERSION = 5.0;
				TARGETED_DEVICE_FAMILY = "1,2";
				VALIDATE_PRODUCT = YES;
			};
			name = Release;
		};
		5510A02E2DC0C347005553F1 /* Debug */ = {
			isa = XCBuildConfiguration;
			buildSettings = {
				CURRENT_PROJECT_VERSION = 1;
				GENERATE_INFOPLIST_FILE = YES;
				MACOSX_DEPLOYMENT_TARGET = 15.4;
				MARKETING_VERSION = 1.0;
				PRODUCT_BUNDLE_IDENTIFIER = com.negovskiy.EssentialFeed2APIEndToEndTests;
				PRODUCT_NAME = "$(TARGET_NAME)";
				SWIFT_EMIT_LOC_STRINGS = NO;
				SWIFT_VERSION = 5.0;
			};
			name = Debug;
		};
		5510A02F2DC0C347005553F1 /* Release */ = {
			isa = XCBuildConfiguration;
			buildSettings = {
				CURRENT_PROJECT_VERSION = 1;
				GENERATE_INFOPLIST_FILE = YES;
				MACOSX_DEPLOYMENT_TARGET = 15.4;
				MARKETING_VERSION = 1.0;
				PRODUCT_BUNDLE_IDENTIFIER = com.negovskiy.EssentialFeed2APIEndToEndTests;
				PRODUCT_NAME = "$(TARGET_NAME)";
				SWIFT_EMIT_LOC_STRINGS = NO;
				SWIFT_VERSION = 5.0;
			};
			name = Release;
		};
		553766C42DF3238F0034262D /* Debug */ = {
			isa = XCBuildConfiguration;
			buildSettings = {
				CODE_SIGN_STYLE = Automatic;
				CURRENT_PROJECT_VERSION = 1;
				DEVELOPMENT_TEAM = NYHBR423E7;
				GENERATE_INFOPLIST_FILE = YES;
				MACOSX_DEPLOYMENT_TARGET = 15.4;
				MARKETING_VERSION = 1.0;
				PRODUCT_BUNDLE_IDENTIFIER = com.negovskiy.EssentialFeed2CacheIntegrationTests;
				PRODUCT_NAME = "$(TARGET_NAME)";
				SWIFT_EMIT_LOC_STRINGS = NO;
				SWIFT_VERSION = 5.0;
			};
			name = Debug;
		};
		553766C52DF3238F0034262D /* Release */ = {
			isa = XCBuildConfiguration;
			buildSettings = {
				CODE_SIGN_STYLE = Automatic;
				CURRENT_PROJECT_VERSION = 1;
				DEVELOPMENT_TEAM = NYHBR423E7;
				GENERATE_INFOPLIST_FILE = YES;
				MACOSX_DEPLOYMENT_TARGET = 15.4;
				MARKETING_VERSION = 1.0;
				PRODUCT_BUNDLE_IDENTIFIER = com.negovskiy.EssentialFeed2CacheIntegrationTests;
				PRODUCT_NAME = "$(TARGET_NAME)";
				SWIFT_EMIT_LOC_STRINGS = NO;
				SWIFT_VERSION = 5.0;
			};
			name = Release;
		};
		559DC9FB2DB2661B002CB144 /* Debug */ = {
			isa = XCBuildConfiguration;
			buildSettings = {
				BUILD_LIBRARY_FOR_DISTRIBUTION = YES;
				CLANG_ENABLE_MODULES = YES;
				COMBINE_HIDPI_IMAGES = YES;
				CURRENT_PROJECT_VERSION = 1;
				DEAD_CODE_STRIPPING = YES;
				DYLIB_COMPATIBILITY_VERSION = 1;
				DYLIB_CURRENT_VERSION = 1;
				DYLIB_INSTALL_NAME_BASE = "@rpath";
				ENABLE_MODULE_VERIFIER = YES;
				GENERATE_INFOPLIST_FILE = YES;
				INFOPLIST_KEY_NSHumanReadableCopyright = "";
				INSTALL_PATH = "$(LOCAL_LIBRARY_DIR)/Frameworks";
				LD_RUNPATH_SEARCH_PATHS = (
					"$(inherited)",
					"@executable_path/../Frameworks",
					"@loader_path/Frameworks",
				);
				MARKETING_VERSION = 1.0;
				MODULE_VERIFIER_SUPPORTED_LANGUAGES = "objective-c objective-c++";
				MODULE_VERIFIER_SUPPORTED_LANGUAGE_STANDARDS = "gnu17 gnu++20";
				PRODUCT_BUNDLE_IDENTIFIER = com.negovskiy.EssentialFeed2;
				PRODUCT_NAME = "$(TARGET_NAME:c99extidentifier)";
				SKIP_INSTALL = YES;
				SWIFT_EMIT_LOC_STRINGS = YES;
				SWIFT_INSTALL_OBJC_HEADER = NO;
				SWIFT_OPTIMIZATION_LEVEL = "-Onone";
				SWIFT_VERSION = 5.0;
			};
			name = Debug;
		};
		559DC9FC2DB2661B002CB144 /* Release */ = {
			isa = XCBuildConfiguration;
			buildSettings = {
				BUILD_LIBRARY_FOR_DISTRIBUTION = YES;
				CLANG_ENABLE_MODULES = YES;
				COMBINE_HIDPI_IMAGES = YES;
				CURRENT_PROJECT_VERSION = 1;
				DEAD_CODE_STRIPPING = YES;
				DYLIB_COMPATIBILITY_VERSION = 1;
				DYLIB_CURRENT_VERSION = 1;
				DYLIB_INSTALL_NAME_BASE = "@rpath";
				ENABLE_MODULE_VERIFIER = YES;
				GENERATE_INFOPLIST_FILE = YES;
				INFOPLIST_KEY_NSHumanReadableCopyright = "";
				INSTALL_PATH = "$(LOCAL_LIBRARY_DIR)/Frameworks";
				LD_RUNPATH_SEARCH_PATHS = (
					"$(inherited)",
					"@executable_path/../Frameworks",
					"@loader_path/Frameworks",
				);
				MARKETING_VERSION = 1.0;
				MODULE_VERIFIER_SUPPORTED_LANGUAGES = "objective-c objective-c++";
				MODULE_VERIFIER_SUPPORTED_LANGUAGE_STANDARDS = "gnu17 gnu++20";
				PRODUCT_BUNDLE_IDENTIFIER = com.negovskiy.EssentialFeed2;
				PRODUCT_NAME = "$(TARGET_NAME:c99extidentifier)";
				SKIP_INSTALL = YES;
				SWIFT_EMIT_LOC_STRINGS = YES;
				SWIFT_INSTALL_OBJC_HEADER = NO;
				SWIFT_VERSION = 5.0;
			};
			name = Release;
		};
		559DC9FD2DB2661B002CB144 /* Debug */ = {
			isa = XCBuildConfiguration;
			buildSettings = {
				ALWAYS_SEARCH_USER_PATHS = NO;
				ASSETCATALOG_COMPILER_GENERATE_SWIFT_ASSET_SYMBOL_EXTENSIONS = YES;
				CLANG_ANALYZER_NONNULL = YES;
				CLANG_ANALYZER_NUMBER_OBJECT_CONVERSION = YES_AGGRESSIVE;
				CLANG_CXX_LANGUAGE_STANDARD = "gnu++20";
				CLANG_ENABLE_MODULES = YES;
				CLANG_ENABLE_OBJC_ARC = YES;
				CLANG_ENABLE_OBJC_WEAK = YES;
				CLANG_WARN_BLOCK_CAPTURE_AUTORELEASING = YES;
				CLANG_WARN_BOOL_CONVERSION = YES;
				CLANG_WARN_COMMA = YES;
				CLANG_WARN_CONSTANT_CONVERSION = YES;
				CLANG_WARN_DEPRECATED_OBJC_IMPLEMENTATIONS = YES;
				CLANG_WARN_DIRECT_OBJC_ISA_USAGE = YES_ERROR;
				CLANG_WARN_DOCUMENTATION_COMMENTS = YES;
				CLANG_WARN_EMPTY_BODY = YES;
				CLANG_WARN_ENUM_CONVERSION = YES;
				CLANG_WARN_INFINITE_RECURSION = YES;
				CLANG_WARN_INT_CONVERSION = YES;
				CLANG_WARN_NON_LITERAL_NULL_CONVERSION = YES;
				CLANG_WARN_OBJC_IMPLICIT_RETAIN_SELF = YES;
				CLANG_WARN_OBJC_LITERAL_CONVERSION = YES;
				CLANG_WARN_OBJC_ROOT_CLASS = YES_ERROR;
				CLANG_WARN_QUOTED_INCLUDE_IN_FRAMEWORK_HEADER = YES;
				CLANG_WARN_RANGE_LOOP_ANALYSIS = YES;
				CLANG_WARN_STRICT_PROTOTYPES = YES;
				CLANG_WARN_SUSPICIOUS_MOVE = YES;
				CLANG_WARN_UNGUARDED_AVAILABILITY = YES_AGGRESSIVE;
				CLANG_WARN_UNREACHABLE_CODE = YES;
				CLANG_WARN__DUPLICATE_METHOD_MATCH = YES;
				COPY_PHASE_STRIP = NO;
				CURRENT_PROJECT_VERSION = 1;
				DEAD_CODE_STRIPPING = YES;
				DEBUG_INFORMATION_FORMAT = dwarf;
				DEVELOPMENT_TEAM = NYHBR423E7;
				ENABLE_STRICT_OBJC_MSGSEND = YES;
				ENABLE_TESTABILITY = YES;
				ENABLE_USER_SCRIPT_SANDBOXING = YES;
				GCC_C_LANGUAGE_STANDARD = gnu17;
				GCC_DYNAMIC_NO_PIC = NO;
				GCC_NO_COMMON_BLOCKS = YES;
				GCC_OPTIMIZATION_LEVEL = 0;
				GCC_PREPROCESSOR_DEFINITIONS = (
					"DEBUG=1",
					"$(inherited)",
				);
				GCC_WARN_64_TO_32_BIT_CONVERSION = YES;
				GCC_WARN_ABOUT_RETURN_TYPE = YES_ERROR;
				GCC_WARN_UNDECLARED_SELECTOR = YES;
				GCC_WARN_UNINITIALIZED_AUTOS = YES_AGGRESSIVE;
				GCC_WARN_UNUSED_FUNCTION = YES;
				GCC_WARN_UNUSED_VARIABLE = YES;
				LOCALIZATION_PREFERS_STRING_CATALOGS = YES;
				MACOSX_DEPLOYMENT_TARGET = 15.2;
				MTL_ENABLE_DEBUG_INFO = INCLUDE_SOURCE;
				MTL_FAST_MATH = YES;
				ONLY_ACTIVE_ARCH = YES;
				SDKROOT = macosx;
				SUPPORTED_PLATFORMS = "macosx iphoneos iphonesimulator";
				SWIFT_ACTIVE_COMPILATION_CONDITIONS = "DEBUG $(inherited)";
				SWIFT_OPTIMIZATION_LEVEL = "-Onone";
				VERSIONING_SYSTEM = "apple-generic";
				VERSION_INFO_PREFIX = "";
			};
			name = Debug;
		};
		559DC9FE2DB2661B002CB144 /* Release */ = {
			isa = XCBuildConfiguration;
			buildSettings = {
				ALWAYS_SEARCH_USER_PATHS = NO;
				ASSETCATALOG_COMPILER_GENERATE_SWIFT_ASSET_SYMBOL_EXTENSIONS = YES;
				CLANG_ANALYZER_NONNULL = YES;
				CLANG_ANALYZER_NUMBER_OBJECT_CONVERSION = YES_AGGRESSIVE;
				CLANG_CXX_LANGUAGE_STANDARD = "gnu++20";
				CLANG_ENABLE_MODULES = YES;
				CLANG_ENABLE_OBJC_ARC = YES;
				CLANG_ENABLE_OBJC_WEAK = YES;
				CLANG_WARN_BLOCK_CAPTURE_AUTORELEASING = YES;
				CLANG_WARN_BOOL_CONVERSION = YES;
				CLANG_WARN_COMMA = YES;
				CLANG_WARN_CONSTANT_CONVERSION = YES;
				CLANG_WARN_DEPRECATED_OBJC_IMPLEMENTATIONS = YES;
				CLANG_WARN_DIRECT_OBJC_ISA_USAGE = YES_ERROR;
				CLANG_WARN_DOCUMENTATION_COMMENTS = YES;
				CLANG_WARN_EMPTY_BODY = YES;
				CLANG_WARN_ENUM_CONVERSION = YES;
				CLANG_WARN_INFINITE_RECURSION = YES;
				CLANG_WARN_INT_CONVERSION = YES;
				CLANG_WARN_NON_LITERAL_NULL_CONVERSION = YES;
				CLANG_WARN_OBJC_IMPLICIT_RETAIN_SELF = YES;
				CLANG_WARN_OBJC_LITERAL_CONVERSION = YES;
				CLANG_WARN_OBJC_ROOT_CLASS = YES_ERROR;
				CLANG_WARN_QUOTED_INCLUDE_IN_FRAMEWORK_HEADER = YES;
				CLANG_WARN_RANGE_LOOP_ANALYSIS = YES;
				CLANG_WARN_STRICT_PROTOTYPES = YES;
				CLANG_WARN_SUSPICIOUS_MOVE = YES;
				CLANG_WARN_UNGUARDED_AVAILABILITY = YES_AGGRESSIVE;
				CLANG_WARN_UNREACHABLE_CODE = YES;
				CLANG_WARN__DUPLICATE_METHOD_MATCH = YES;
				COPY_PHASE_STRIP = NO;
				CURRENT_PROJECT_VERSION = 1;
				DEAD_CODE_STRIPPING = YES;
				DEBUG_INFORMATION_FORMAT = "dwarf-with-dsym";
				DEVELOPMENT_TEAM = NYHBR423E7;
				ENABLE_NS_ASSERTIONS = NO;
				ENABLE_STRICT_OBJC_MSGSEND = YES;
				ENABLE_USER_SCRIPT_SANDBOXING = YES;
				GCC_C_LANGUAGE_STANDARD = gnu17;
				GCC_NO_COMMON_BLOCKS = YES;
				GCC_WARN_64_TO_32_BIT_CONVERSION = YES;
				GCC_WARN_ABOUT_RETURN_TYPE = YES_ERROR;
				GCC_WARN_UNDECLARED_SELECTOR = YES;
				GCC_WARN_UNINITIALIZED_AUTOS = YES_AGGRESSIVE;
				GCC_WARN_UNUSED_FUNCTION = YES;
				GCC_WARN_UNUSED_VARIABLE = YES;
				LOCALIZATION_PREFERS_STRING_CATALOGS = YES;
				MACOSX_DEPLOYMENT_TARGET = 15.2;
				MTL_ENABLE_DEBUG_INFO = NO;
				MTL_FAST_MATH = YES;
				SDKROOT = macosx;
				SUPPORTED_PLATFORMS = "macosx iphoneos iphonesimulator";
				SWIFT_COMPILATION_MODE = wholemodule;
				VERSIONING_SYSTEM = "apple-generic";
				VERSION_INFO_PREFIX = "";
			};
			name = Release;
		};
		559DCA002DB2661B002CB144 /* Debug */ = {
			isa = XCBuildConfiguration;
			buildSettings = {
				CURRENT_PROJECT_VERSION = 1;
				DEAD_CODE_STRIPPING = YES;
				GENERATE_INFOPLIST_FILE = YES;
				MARKETING_VERSION = 1.0;
				PRODUCT_BUNDLE_IDENTIFIER = com.negovskiy.EssentialFeed2Tests;
				PRODUCT_NAME = "$(TARGET_NAME)";
				SWIFT_EMIT_LOC_STRINGS = NO;
				SWIFT_VERSION = 5.0;
			};
			name = Debug;
		};
		559DCA012DB2661B002CB144 /* Release */ = {
			isa = XCBuildConfiguration;
			buildSettings = {
				CURRENT_PROJECT_VERSION = 1;
				DEAD_CODE_STRIPPING = YES;
				GENERATE_INFOPLIST_FILE = YES;
				MARKETING_VERSION = 1.0;
				PRODUCT_BUNDLE_IDENTIFIER = com.negovskiy.EssentialFeed2Tests;
				PRODUCT_NAME = "$(TARGET_NAME)";
				SWIFT_EMIT_LOC_STRINGS = NO;
				SWIFT_VERSION = 5.0;
			};
			name = Release;
		};
/* End XCBuildConfiguration section */

/* Begin XCConfigurationList section */
		550DB4F52E07FD22008DA93E /* Build configuration list for PBXNativeTarget "EssentialFeed2iOS" */ = {
			isa = XCConfigurationList;
			buildConfigurations = (
				550DB4F62E07FD22008DA93E /* Debug */,
				550DB4F72E07FD22008DA93E /* Release */,
			);
			defaultConfigurationIsVisible = 0;
			defaultConfigurationName = Release;
		};
		550DB4F82E07FD22008DA93E /* Build configuration list for PBXNativeTarget "EssentialFeed2iOSTests" */ = {
			isa = XCConfigurationList;
			buildConfigurations = (
				550DB4F92E07FD22008DA93E /* Debug */,
				550DB4FA2E07FD22008DA93E /* Release */,
			);
			defaultConfigurationIsVisible = 0;
			defaultConfigurationName = Release;
		};
		5510A0302DC0C347005553F1 /* Build configuration list for PBXNativeTarget "EssentialFeed2APIEndToEndTests" */ = {
			isa = XCConfigurationList;
			buildConfigurations = (
				5510A02E2DC0C347005553F1 /* Debug */,
				5510A02F2DC0C347005553F1 /* Release */,
			);
			defaultConfigurationIsVisible = 0;
			defaultConfigurationName = Release;
		};
		553766C62DF3238F0034262D /* Build configuration list for PBXNativeTarget "EssentialFeed2CacheIntegrationTests" */ = {
			isa = XCConfigurationList;
			buildConfigurations = (
				553766C42DF3238F0034262D /* Debug */,
				553766C52DF3238F0034262D /* Release */,
			);
			defaultConfigurationIsVisible = 0;
			defaultConfigurationName = Release;
		};
		559DC9E32DB2661B002CB144 /* Build configuration list for PBXProject "EssentialFeed2" */ = {
			isa = XCConfigurationList;
			buildConfigurations = (
				559DC9FD2DB2661B002CB144 /* Debug */,
				559DC9FE2DB2661B002CB144 /* Release */,
			);
			defaultConfigurationIsVisible = 0;
			defaultConfigurationName = Release;
		};
		559DC9FA2DB2661B002CB144 /* Build configuration list for PBXNativeTarget "EssentialFeed2" */ = {
			isa = XCConfigurationList;
			buildConfigurations = (
				559DC9FB2DB2661B002CB144 /* Debug */,
				559DC9FC2DB2661B002CB144 /* Release */,
			);
			defaultConfigurationIsVisible = 0;
			defaultConfigurationName = Release;
		};
		559DC9FF2DB2661B002CB144 /* Build configuration list for PBXNativeTarget "EssentialFeed2Tests" */ = {
			isa = XCConfigurationList;
			buildConfigurations = (
				559DCA002DB2661B002CB144 /* Debug */,
				559DCA012DB2661B002CB144 /* Release */,
			);
			defaultConfigurationIsVisible = 0;
			defaultConfigurationName = Release;
		};
/* End XCConfigurationList section */
	};
	rootObject = 559DC9E02DB2661B002CB144 /* Project object */;
}
